
Microsoft Visual Studio Solution File, Format Version 12.00
Project("{2150E333-8FDC-42A3-9474-1A3956D46DE8}") = "src", "src", "{A8408AF4-F7C4-4F5F-A75B-37D69627F5FE}"
EndProject
Project("{2150E333-8FDC-42A3-9474-1A3956D46DE8}") = "Main", "Main", "{A9B842B1-4499-4889-A2B5-6E34F432D66A}"
EndProject
Project("{2150E333-8FDC-42A3-9474-1A3956D46DE8}") = "Shared", "Shared", "{EB89D40D-60C0-481E-A6BF-3C83DB04AD5A}"
EndProject
Project("{2150E333-8FDC-42A3-9474-1A3956D46DE8}") = "Modules", "Modules", "{91A9D4B2-81ED-4C7D-9232-6205878B9E1A}"
EndProject
Project("{FAE04EC0-301F-11D3-BF4B-00C04F79EFBC}") = "MyWallet.Api", "src\Main\MyWallet.Api\MyWallet.Api.csproj", "{AD960D14-213D-4218-94E7-85C8DA3BBFE3}"
EndProject
Project("{FAE04EC0-301F-11D3-BF4B-00C04F79EFBC}") = "MyWallet.Infrastructure", "src\Shared\MyWallet.Infrastructure\MyWallet.Infrastructure.csproj", "{F365FDC8-FBFE-4064-B7F4-31EFFDE432EB}"
EndProject
Project("{FAE04EC0-301F-11D3-BF4B-00C04F79EFBC}") = "MyWallet.Abstractions", "src\Shared\MyWallet.Abstractions\MyWallet.Abstractions.csproj", "{031466BD-6DCC-4895-85EC-A46D8349F0B8}"
EndProject
Project("{2150E333-8FDC-42A3-9474-1A3956D46DE8}") = "Expenses", "Expenses", "{C11E9DBD-3F1D-4A87-B922-8061D38DADC5}"
EndProject
Project("{FAE04EC0-301F-11D3-BF4B-00C04F79EFBC}") = "MyWallet.Expenses.Api", "src\Modules\Expenses\MyWallet.Expenses.Api\MyWallet.Expenses.Api.csproj", "{7A192BB8-2885-4C27-9B20-282E1CE0FE98}"
EndProject
Project("{FAE04EC0-301F-11D3-BF4B-00C04F79EFBC}") = "MyWallet.Expenses.Core", "src\Modules\Expenses\MyWallet.Expenses.Core\MyWallet.Expenses.Core.csproj", "{360D3090-A9CC-4C18-A642-646B0A12DFD2}"
EndProject
Project("{2150E333-8FDC-42A3-9474-1A3956D46DE8}") = "Debts", "Debts", "{DDDDF547-F96D-4C58-8731-E35C76AA8B71}"
EndProject
Project("{FAE04EC0-301F-11D3-BF4B-00C04F79EFBC}") = "MyWallet.Debts.Api", "src\Modules\Debts\MyWallet.Debts.Api\MyWallet.Debts.Api.csproj", "{65EA50C9-E1CF-4581-8646-B215F4F24181}"
EndProject
Project("{FAE04EC0-301F-11D3-BF4B-00C04F79EFBC}") = "MyWallet.Debts.Core", "src\Modules\Debts\MyWallet.Debts.Core\MyWallet.Debts.Core.csproj", "{2F867C42-742A-4554-9BF1-5BBD9790A39A}"
EndProject
Global
	GlobalSection(SolutionConfigurationPlatforms) = preSolution
		Debug|Any CPU = Debug|Any CPU
		Release|Any CPU = Release|Any CPU
	EndGlobalSection
	GlobalSection(NestedProjects) = preSolution
		{A9B842B1-4499-4889-A2B5-6E34F432D66A} = {A8408AF4-F7C4-4F5F-A75B-37D69627F5FE}
		{EB89D40D-60C0-481E-A6BF-3C83DB04AD5A} = {A8408AF4-F7C4-4F5F-A75B-37D69627F5FE}
		{91A9D4B2-81ED-4C7D-9232-6205878B9E1A} = {A8408AF4-F7C4-4F5F-A75B-37D69627F5FE}
		{AD960D14-213D-4218-94E7-85C8DA3BBFE3} = {A9B842B1-4499-4889-A2B5-6E34F432D66A}
		{F365FDC8-FBFE-4064-B7F4-31EFFDE432EB} = {EB89D40D-60C0-481E-A6BF-3C83DB04AD5A}
		{031466BD-6DCC-4895-85EC-A46D8349F0B8} = {EB89D40D-60C0-481E-A6BF-3C83DB04AD5A}
		{C11E9DBD-3F1D-4A87-B922-8061D38DADC5} = {91A9D4B2-81ED-4C7D-9232-6205878B9E1A}
		{7A192BB8-2885-4C27-9B20-282E1CE0FE98} = {C11E9DBD-3F1D-4A87-B922-8061D38DADC5}
		{360D3090-A9CC-4C18-A642-646B0A12DFD2} = {C11E9DBD-3F1D-4A87-B922-8061D38DADC5}
		{DDDDF547-F96D-4C58-8731-E35C76AA8B71} = {91A9D4B2-81ED-4C7D-9232-6205878B9E1A}
		{65EA50C9-E1CF-4581-8646-B215F4F24181} = {DDDDF547-F96D-4C58-8731-E35C76AA8B71}
		{2F867C42-742A-4554-9BF1-5BBD9790A39A} = {DDDDF547-F96D-4C58-8731-E35C76AA8B71}
	EndGlobalSection
	GlobalSection(ProjectConfigurationPlatforms) = postSolution
		{AD960D14-213D-4218-94E7-85C8DA3BBFE3}.Debug|Any CPU.ActiveCfg = Debug|Any CPU
		{AD960D14-213D-4218-94E7-85C8DA3BBFE3}.Debug|Any CPU.Build.0 = Debug|Any CPU
		{AD960D14-213D-4218-94E7-85C8DA3BBFE3}.Release|Any CPU.ActiveCfg = Release|Any CPU
		{AD960D14-213D-4218-94E7-85C8DA3BBFE3}.Release|Any CPU.Build.0 = Release|Any CPU
		{F365FDC8-FBFE-4064-B7F4-31EFFDE432EB}.Debug|Any CPU.ActiveCfg = Debug|Any CPU
		{F365FDC8-FBFE-4064-B7F4-31EFFDE432EB}.Debug|Any CPU.Build.0 = Debug|Any CPU
		{F365FDC8-FBFE-4064-B7F4-31EFFDE432EB}.Release|Any CPU.ActiveCfg = Release|Any CPU
		{F365FDC8-FBFE-4064-B7F4-31EFFDE432EB}.Release|Any CPU.Build.0 = Release|Any CPU
		{031466BD-6DCC-4895-85EC-A46D8349F0B8}.Debug|Any CPU.ActiveCfg = Debug|Any CPU
		{031466BD-6DCC-4895-85EC-A46D8349F0B8}.Debug|Any CPU.Build.0 = Debug|Any CPU
		{031466BD-6DCC-4895-85EC-A46D8349F0B8}.Release|Any CPU.ActiveCfg = Release|Any CPU
		{031466BD-6DCC-4895-85EC-A46D8349F0B8}.Release|Any CPU.Build.0 = Release|Any CPU
		{7A192BB8-2885-4C27-9B20-282E1CE0FE98}.Debug|Any CPU.ActiveCfg = Debug|Any CPU
		{7A192BB8-2885-4C27-9B20-282E1CE0FE98}.Debug|Any CPU.Build.0 = Debug|Any CPU
		{7A192BB8-2885-4C27-9B20-282E1CE0FE98}.Release|Any CPU.ActiveCfg = Release|Any CPU
		{7A192BB8-2885-4C27-9B20-282E1CE0FE98}.Release|Any CPU.Build.0 = Release|Any CPU
		{360D3090-A9CC-4C18-A642-646B0A12DFD2}.Debug|Any CPU.ActiveCfg = Debug|Any CPU
		{360D3090-A9CC-4C18-A642-646B0A12DFD2}.Debug|Any CPU.Build.0 = Debug|Any CPU
		{360D3090-A9CC-4C18-A642-646B0A12DFD2}.Release|Any CPU.ActiveCfg = Release|Any CPU
		{360D3090-A9CC-4C18-A642-646B0A12DFD2}.Release|Any CPU.Build.0 = Release|Any CPU
		{65EA50C9-E1CF-4581-8646-B215F4F24181}.Debug|Any CPU.ActiveCfg = Debug|Any CPU
		{65EA50C9-E1CF-4581-8646-B215F4F24181}.Debug|Any CPU.Build.0 = Debug|Any CPU
		{65EA50C9-E1CF-4581-8646-B215F4F24181}.Release|Any CPU.ActiveCfg = Release|Any CPU
		{65EA50C9-E1CF-4581-8646-B215F4F24181}.Release|Any CPU.Build.0 = Release|Any CPU
		{2F867C42-742A-4554-9BF1-5BBD9790A39A}.Debug|Any CPU.ActiveCfg = Debug|Any CPU
		{2F867C42-742A-4554-9BF1-5BBD9790A39A}.Debug|Any CPU.Build.0 = Debug|Any CPU
		{2F867C42-742A-4554-9BF1-5BBD9790A39A}.Release|Any CPU.ActiveCfg = Release|Any CPU
		{2F867C42-742A-4554-9BF1-5BBD9790A39A}.Release|Any CPU.Build.0 = Release|Any CPU
	EndGlobalSection
EndGlobal
